
Microsoft Visual Studio Solution File, Format Version 12.00
# Visual Studio 15
Project("{FAE04EC0-301F-11D3-BF4B-00C04F79EFBC}") = "MUMEI.SD3DDraw", "MUMEI.SD3DDraw.csproj", "{9713286E-BE2D-FC67-3A9D-D94210101EB9}"
EndProject
Project("{FAE04EC0-301F-11D3-BF4B-00C04F79EFBC}") = "MUMEI.SD3DDraw.Editor", "MUMEI.SD3DDraw.Editor.csproj", "{FE29521D-19C7-BA46-38B2-684E3D7DBA2C}"
EndProject
Global
	GlobalSection(SolutionConfigurationPlatforms) = preSolution
		Debug|Any CPU = Debug|Any CPU
		Release|Any CPU = Release|Any CPU
	EndGlobalSection
	GlobalSection(ProjectConfigurationPlatforms) = postSolution
		{9713286E-BE2D-FC67-3A9D-D94210101EB9}.Debug|Any CPU.ActiveCfg = Debug|Any CPU
		{9713286E-BE2D-FC67-3A9D-D94210101EB9}.Debug|Any CPU.Build.0 = Debug|Any CPU
		{9713286E-BE2D-FC67-3A9D-D94210101EB9}.Release|Any CPU.ActiveCfg = Release|Any CPU
		{9713286E-BE2D-FC67-3A9D-D94210101EB9}.Release|Any CPU.Build.0 = Release|Any CPU
		{FE29521D-19C7-BA46-38B2-684E3D7DBA2C}.Debug|Any CPU.ActiveCfg = Debug|Any CPU
		{FE29521D-19C7-BA46-38B2-684E3D7DBA2C}.Debug|Any CPU.Build.0 = Debug|Any CPU
		{FE29521D-19C7-BA46-38B2-684E3D7DBA2C}.Release|Any CPU.ActiveCfg = Release|Any CPU
		{FE29521D-19C7-BA46-38B2-684E3D7DBA2C}.Release|Any CPU.Build.0 = Release|Any CPU
	EndGlobalSection
	GlobalSection(SolutionProperties) = preSolution
		HideSolutionNode = FALSE
	EndGlobalSection
EndGlobal
